# This file is automatically @generated by Cargo.
# It is not intended for manual editing.
version = 4

[[package]]
name = "fl-archive"
version = "0.1.0"

[[package]]
name = "fl-cli"
version = "0.1.0"

[[package]]
name = "fl-model"
version = "0.1.0"

[[package]]
name = "fl-sources"
version = "0.1.0"

[[package]]
name = "fl-steps"
version = "0.1.0"

[[package]]
name = "fl-store"
version = "0.1.0"

[[package]]
name = "fl-transfer"
version = "0.1.0"
